
Microsoft Visual Studio Solution File, Format Version 12.00
# Visual Studio Version 17
VisualStudioVersion = 17.2.32616.157
MinimumVisualStudioVersion = 10.0.40219.1
Project("{FAE04EC0-301F-11D3-BF4B-00C04F79EFBC}") = "DiscordBot", "DiscordBot.csproj", "{3BB94D65-8528-47F2-93A1-B1E5AB67F9F9}"
EndProject
Global
	GlobalSection(SolutionConfigurationPlatforms) = preSolution
		Debug|Any CPU = Debug|Any CPU
		Release|Any CPU = Release|Any CPU
	EndGlobalSection
	GlobalSection(ProjectConfigurationPlatforms) = postSolution
		{3BB94D65-8528-47F2-93A1-B1E5AB67F9F9}.Debug|Any CPU.ActiveCfg = Debug|Any CPU
		{3BB94D65-8528-47F2-93A1-B1E5AB67F9F9}.Debug|Any CPU.Build.0 = Debug|Any CPU
		{3BB94D65-8528-47F2-93A1-B1E5AB67F9F9}.Release|Any CPU.ActiveCfg = Release|Any CPU
		{3BB94D65-8528-47F2-93A1-B1E5AB67F9F9}.Release|Any CPU.Build.0 = Release|Any CPU
	EndGlobalSection
	GlobalSection(SolutionProperties) = preSolution
		HideSolutionNode = FALSE
	EndGlobalSection
	GlobalSection(ExtensibilityGlobals) = postSolution
		SolutionGuid = {AD48BD9E-4D59-4A61-8B5A-378335626590}
	EndGlobalSection
EndGlobal
